
Microsoft Visual Studio Solution File, Format Version 12.00
# Visual Studio 15
VisualStudioVersion = 15.0.28307.168
MinimumVisualStudioVersion = 10.0.40219.1
Project("{FAE04EC0-301F-11D3-BF4B-00C04F79EFBC}") = "MemTrick.CLR", "MemTrick.CLR\MemTrick.CLR.csproj", "{C0D363B3-55BB-4C6D-9279-621B878FFF2B}"
EndProject
Project("{2150E333-8FDC-42A3-9474-1A3956D46DE8}") = "Test", "Test", "{E0647BC6-0405-403D-954B-37F9F589C52C}"
EndProject
Project("{FAE04EC0-301F-11D3-BF4B-00C04F79EFBC}") = "MemTrick.CLR.Test", "MemTrick.CLR.Test\MemTrick.CLR.Test.csproj", "{F15432C3-1A22-4D98-8444-BFBFDADB2A7A}"
EndProject
Project("{FAE04EC0-301F-11D3-BF4B-00C04F79EFBC}") = "TestInvokerForProfiler", "TestInvokerForProfiler\TestInvokerForProfiler.csproj", "{A1DA8014-80AE-4472-AE7B-B2D51941F5A5}"
EndProject
Global
	GlobalSection(SolutionConfigurationPlatforms) = preSolution
		Debug|x64 = Debug|x64
		Debug|x86 = Debug|x86
		Release|x64 = Release|x64
		Release|x86 = Release|x86
	EndGlobalSection
	GlobalSection(ProjectConfigurationPlatforms) = postSolution
		{C0D363B3-55BB-4C6D-9279-621B878FFF2B}.Debug|x64.ActiveCfg = Debug|x64
		{C0D363B3-55BB-4C6D-9279-621B878FFF2B}.Debug|x64.Build.0 = Debug|x64
		{C0D363B3-55BB-4C6D-9279-621B878FFF2B}.Debug|x86.ActiveCfg = Debug|x86
		{C0D363B3-55BB-4C6D-9279-621B878FFF2B}.Debug|x86.Build.0 = Debug|x86
		{C0D363B3-55BB-4C6D-9279-621B878FFF2B}.Release|x64.ActiveCfg = Release|x64
		{C0D363B3-55BB-4C6D-9279-621B878FFF2B}.Release|x64.Build.0 = Release|x64
		{C0D363B3-55BB-4C6D-9279-621B878FFF2B}.Release|x86.ActiveCfg = Release|x86
		{C0D363B3-55BB-4C6D-9279-621B878FFF2B}.Release|x86.Build.0 = Release|x86
		{F15432C3-1A22-4D98-8444-BFBFDADB2A7A}.Debug|x64.ActiveCfg = Debug|x64
		{F15432C3-1A22-4D98-8444-BFBFDADB2A7A}.Debug|x64.Build.0 = Debug|x64
		{F15432C3-1A22-4D98-8444-BFBFDADB2A7A}.Debug|x86.ActiveCfg = Debug|x86
		{F15432C3-1A22-4D98-8444-BFBFDADB2A7A}.Debug|x86.Build.0 = Debug|x86
		{F15432C3-1A22-4D98-8444-BFBFDADB2A7A}.Release|x64.ActiveCfg = Release|x64
		{F15432C3-1A22-4D98-8444-BFBFDADB2A7A}.Release|x64.Build.0 = Release|x64
		{F15432C3-1A22-4D98-8444-BFBFDADB2A7A}.Release|x86.ActiveCfg = Release|x86
		{F15432C3-1A22-4D98-8444-BFBFDADB2A7A}.Release|x86.Build.0 = Release|x86
		{A1DA8014-80AE-4472-AE7B-B2D51941F5A5}.Debug|x64.ActiveCfg = Debug|x64
		{A1DA8014-80AE-4472-AE7B-B2D51941F5A5}.Debug|x64.Build.0 = Debug|x64
		{A1DA8014-80AE-4472-AE7B-B2D51941F5A5}.Debug|x86.ActiveCfg = Debug|x86
		{A1DA8014-80AE-4472-AE7B-B2D51941F5A5}.Debug|x86.Build.0 = Debug|x86
		{A1DA8014-80AE-4472-AE7B-B2D51941F5A5}.Release|x64.ActiveCfg = Release|x64
		{A1DA8014-80AE-4472-AE7B-B2D51941F5A5}.Release|x64.Build.0 = Release|x64
		{A1DA8014-80AE-4472-AE7B-B2D51941F5A5}.Release|x86.ActiveCfg = Release|x86
		{A1DA8014-80AE-4472-AE7B-B2D51941F5A5}.Release|x86.Build.0 = Release|x86
	EndGlobalSection
	GlobalSection(SolutionProperties) = preSolution
		HideSolutionNode = FALSE
	EndGlobalSection
	GlobalSection(NestedProjects) = preSolution
		{F15432C3-1A22-4D98-8444-BFBFDADB2A7A} = {E0647BC6-0405-403D-954B-37F9F589C52C}
		{A1DA8014-80AE-4472-AE7B-B2D51941F5A5} = {E0647BC6-0405-403D-954B-37F9F589C52C}
	EndGlobalSection
	GlobalSection(ExtensibilityGlobals) = postSolution
		SolutionGuid = {1A103F22-85CD-42D0-9247-68E7184C8416}
	EndGlobalSection
EndGlobal
