
Microsoft Visual Studio Solution File, Format Version 12.00
# Visual Studio Version 16
VisualStudioVersion = 16.0.29324.140
MinimumVisualStudioVersion = 10.0.40219.1
Project("{FAE04EC0-301F-11D3-BF4B-00C04F79EFBC}") = "MemTrick.CLR.x64", "MemTrick.CLR.x64\MemTrick.CLR.x64.csproj", "{C0D363B3-55BB-4C6D-9279-621B878FFF2B}"
EndProject
Project("{2150E333-8FDC-42A3-9474-1A3956D46DE8}") = "Test", "Test", "{E0647BC6-0405-403D-954B-37F9F589C52C}"
EndProject
Project("{9A19103F-16F7-4668-BE54-9A1E7A4F7556}") = "MemTrick.Test.CLR.x86", "MemTrick.Test.CLR.x86\MemTrick.Test.CLR.x86.csproj", "{56941390-D847-4F40-83F4-46EA441DC0E6}"
EndProject
Project("{9A19103F-16F7-4668-BE54-9A1E7A4F7556}") = "MemTrick.Test.CLR.x64", "MemTrick.Test.CLR.x64\MemTrick.Test.CLR.x64.csproj", "{CACF21B5-C8BB-43DC-A771-A2DA6FA50985}"
EndProject
Project("{D954291E-2A0B-460D-934E-DC6B0785DB48}") = "MemTrick.Test", "MemTrick.Test\MemTrick.Test.shproj", "{275D797B-F396-4305-B1FF-694F884C46C7}"
EndProject
Project("{D954291E-2A0B-460D-934E-DC6B0785DB48}") = "MemTrick", "MemTrick\MemTrick.shproj", "{710C8077-B9EC-4ADC-A925-6540BDB24F6E}"
EndProject
Project("{FAE04EC0-301F-11D3-BF4B-00C04F79EFBC}") = "MemTrick.CLR.x86", "MemTrick.CLR.x86\MemTrick.CLR.x86.csproj", "{07AFB57E-FF31-4E19-80BE-AE0268C3C165}"
EndProject
Project("{9A19103F-16F7-4668-BE54-9A1E7A4F7556}") = "MemTrick.CoreCLR2.x64", "MemTrick.CoreCLR2.x64\MemTrick.CoreCLR2.x64.csproj", "{64B258D6-BF67-4C9E-B590-998C04F92D31}"
EndProject
Project("{9A19103F-16F7-4668-BE54-9A1E7A4F7556}") = "MemTrick.Test.CoreCLR2.x64", "MemTrick.Test.CoreCLR2.x64\MemTrick.Test.CoreCLR2.x64.csproj", "{F6799265-85EE-4CA6-BA22-52A1F47C627A}"
EndProject
Project("{9A19103F-16F7-4668-BE54-9A1E7A4F7556}") = "MemTrick.Test.CoreCLR3.x64", "MemTrick.Test.CoreCLR3.x64\MemTrick.Test.CoreCLR3.x64.csproj", "{1C1A0A79-5DF1-475B-9885-881300404699}"
EndProject
Project("{9A19103F-16F7-4668-BE54-9A1E7A4F7556}") = "MemTrick.Test.CoreCLR5.x64", "MemTrick.Test.CoreCLR5.x64\MemTrick.Test.CoreCLR5.x64.csproj", "{60BCF4AF-8C89-4DE3-8F15-5120D90DEDA1}"
EndProject
Project("{9A19103F-16F7-4668-BE54-9A1E7A4F7556}") = "MemTrick.CoreCLR3.x64", "MemTrick.CoreCLR3.x64\MemTrick.CoreCLR3.x64.csproj", "{426CB334-B877-4488-9FE0-15C339B56047}"
EndProject
Project("{9A19103F-16F7-4668-BE54-9A1E7A4F7556}") = "MemTrick.CoreCLR5.x64", "MemTrick.CoreCLR5.x64\MemTrick.CoreCLR5.x64.csproj", "{744F0262-85AE-4673-8521-BEF7BDED7413}"
EndProject
Global
	GlobalSection(SharedMSBuildProjectFiles) = preSolution
		MemTrick\MemTrick.projitems*{07afb57e-ff31-4e19-80be-ae0268c3c165}*SharedItemsImports = 4
		MemTrick.Test\MemTrick.Test.projitems*{1c1a0a79-5df1-475b-9885-881300404699}*SharedItemsImports = 5
		MemTrick.Test\MemTrick.Test.projitems*{275d797b-f396-4305-b1ff-694f884c46c7}*SharedItemsImports = 13
		MemTrick\MemTrick.projitems*{426cb334-b877-4488-9fe0-15c339b56047}*SharedItemsImports = 5
		MemTrick.Test\MemTrick.Test.projitems*{56941390-d847-4f40-83f4-46ea441dc0e6}*SharedItemsImports = 5
		MemTrick.Test\MemTrick.Test.projitems*{60bcf4af-8c89-4de3-8f15-5120d90deda1}*SharedItemsImports = 5
		MemTrick\MemTrick.projitems*{64b258d6-bf67-4c9e-b590-998c04f92d31}*SharedItemsImports = 5
		MemTrick\MemTrick.projitems*{710c8077-b9ec-4adc-a925-6540bdb24f6e}*SharedItemsImports = 13
		MemTrick\MemTrick.projitems*{744f0262-85ae-4673-8521-bef7bded7413}*SharedItemsImports = 5
		MemTrick\MemTrick.projitems*{c0d363b3-55bb-4c6d-9279-621b878fff2b}*SharedItemsImports = 4
		MemTrick.Test\MemTrick.Test.projitems*{cacf21b5-c8bb-43dc-a771-a2da6fa50985}*SharedItemsImports = 5
		MemTrick.Test\MemTrick.Test.projitems*{f6799265-85ee-4ca6-ba22-52a1f47c627a}*SharedItemsImports = 5
	EndGlobalSection
	GlobalSection(SolutionConfigurationPlatforms) = preSolution
		Debug|Any CPU = Debug|Any CPU
		Debug|Mixed Platform = Debug|Mixed Platform
		Debug|x64 = Debug|x64
		Release|Any CPU = Release|Any CPU
		Release|Mixed Platform = Release|Mixed Platform
		Release|x64 = Release|x64
	EndGlobalSection
	GlobalSection(ProjectConfigurationPlatforms) = postSolution
		{C0D363B3-55BB-4C6D-9279-621B878FFF2B}.Debug|Any CPU.ActiveCfg = Debug|x64
		{C0D363B3-55BB-4C6D-9279-621B878FFF2B}.Debug|Mixed Platform.ActiveCfg = Debug|x64
		{C0D363B3-55BB-4C6D-9279-621B878FFF2B}.Debug|Mixed Platform.Build.0 = Debug|x64
		{C0D363B3-55BB-4C6D-9279-621B878FFF2B}.Debug|x64.ActiveCfg = Debug|x64
		{C0D363B3-55BB-4C6D-9279-621B878FFF2B}.Debug|x64.Build.0 = Debug|x64
		{C0D363B3-55BB-4C6D-9279-621B878FFF2B}.Release|Any CPU.ActiveCfg = Release|x64
		{C0D363B3-55BB-4C6D-9279-621B878FFF2B}.Release|Mixed Platform.ActiveCfg = Release|x64
		{C0D363B3-55BB-4C6D-9279-621B878FFF2B}.Release|Mixed Platform.Build.0 = Release|x64
		{C0D363B3-55BB-4C6D-9279-621B878FFF2B}.Release|x64.ActiveCfg = Release|x64
		{C0D363B3-55BB-4C6D-9279-621B878FFF2B}.Release|x64.Build.0 = Release|x64
		{56941390-D847-4F40-83F4-46EA441DC0E6}.Debug|Any CPU.ActiveCfg = Debug|x86
		{56941390-D847-4F40-83F4-46EA441DC0E6}.Debug|Mixed Platform.ActiveCfg = Debug|x86
		{56941390-D847-4F40-83F4-46EA441DC0E6}.Debug|Mixed Platform.Build.0 = Debug|x86
		{56941390-D847-4F40-83F4-46EA441DC0E6}.Debug|x64.ActiveCfg = Debug|x86
		{56941390-D847-4F40-83F4-46EA441DC0E6}.Release|Any CPU.ActiveCfg = Release|x86
		{56941390-D847-4F40-83F4-46EA441DC0E6}.Release|Mixed Platform.ActiveCfg = Release|x86
		{56941390-D847-4F40-83F4-46EA441DC0E6}.Release|Mixed Platform.Build.0 = Release|x86
		{56941390-D847-4F40-83F4-46EA441DC0E6}.Release|x64.ActiveCfg = Release|x86
		{CACF21B5-C8BB-43DC-A771-A2DA6FA50985}.Debug|Any CPU.ActiveCfg = Debug|x64
		{CACF21B5-C8BB-43DC-A771-A2DA6FA50985}.Debug|Mixed Platform.ActiveCfg = Debug|x64
		{CACF21B5-C8BB-43DC-A771-A2DA6FA50985}.Debug|Mixed Platform.Build.0 = Debug|x64
		{CACF21B5-C8BB-43DC-A771-A2DA6FA50985}.Debug|x64.ActiveCfg = Debug|x64
		{CACF21B5-C8BB-43DC-A771-A2DA6FA50985}.Debug|x64.Build.0 = Debug|x64
		{CACF21B5-C8BB-43DC-A771-A2DA6FA50985}.Release|Any CPU.ActiveCfg = Release|x64
		{CACF21B5-C8BB-43DC-A771-A2DA6FA50985}.Release|Mixed Platform.ActiveCfg = Release|x64
		{CACF21B5-C8BB-43DC-A771-A2DA6FA50985}.Release|Mixed Platform.Build.0 = Release|x64
		{CACF21B5-C8BB-43DC-A771-A2DA6FA50985}.Release|x64.ActiveCfg = Release|x64
		{CACF21B5-C8BB-43DC-A771-A2DA6FA50985}.Release|x64.Build.0 = Release|x64
		{07AFB57E-FF31-4E19-80BE-AE0268C3C165}.Debug|Any CPU.ActiveCfg = Debug|x86
		{07AFB57E-FF31-4E19-80BE-AE0268C3C165}.Debug|Mixed Platform.ActiveCfg = Debug|x86
		{07AFB57E-FF31-4E19-80BE-AE0268C3C165}.Debug|Mixed Platform.Build.0 = Debug|x86
		{07AFB57E-FF31-4E19-80BE-AE0268C3C165}.Debug|x64.ActiveCfg = Debug|x86
		{07AFB57E-FF31-4E19-80BE-AE0268C3C165}.Release|Any CPU.ActiveCfg = Release|x86
		{07AFB57E-FF31-4E19-80BE-AE0268C3C165}.Release|Mixed Platform.ActiveCfg = Release|x86
		{07AFB57E-FF31-4E19-80BE-AE0268C3C165}.Release|Mixed Platform.Build.0 = Release|x86
		{07AFB57E-FF31-4E19-80BE-AE0268C3C165}.Release|x64.ActiveCfg = Release|x86
		{64B258D6-BF67-4C9E-B590-998C04F92D31}.Debug|Any CPU.ActiveCfg = Debug|Any CPU
		{64B258D6-BF67-4C9E-B590-998C04F92D31}.Debug|Any CPU.Build.0 = Debug|Any CPU
		{64B258D6-BF67-4C9E-B590-998C04F92D31}.Debug|Mixed Platform.ActiveCfg = Debug|x64
		{64B258D6-BF67-4C9E-B590-998C04F92D31}.Debug|Mixed Platform.Build.0 = Debug|x64
		{64B258D6-BF67-4C9E-B590-998C04F92D31}.Debug|x64.ActiveCfg = Debug|x64
		{64B258D6-BF67-4C9E-B590-998C04F92D31}.Debug|x64.Build.0 = Debug|x64
		{64B258D6-BF67-4C9E-B590-998C04F92D31}.Release|Any CPU.ActiveCfg = Release|Any CPU
		{64B258D6-BF67-4C9E-B590-998C04F92D31}.Release|Any CPU.Build.0 = Release|Any CPU
		{64B258D6-BF67-4C9E-B590-998C04F92D31}.Release|Mixed Platform.ActiveCfg = Release|x64
		{64B258D6-BF67-4C9E-B590-998C04F92D31}.Release|Mixed Platform.Build.0 = Release|x64
		{64B258D6-BF67-4C9E-B590-998C04F92D31}.Release|x64.ActiveCfg = Release|x64
		{64B258D6-BF67-4C9E-B590-998C04F92D31}.Release|x64.Build.0 = Release|x64
		{F6799265-85EE-4CA6-BA22-52A1F47C627A}.Debug|Any CPU.ActiveCfg = Debug|x64
		{F6799265-85EE-4CA6-BA22-52A1F47C627A}.Debug|Mixed Platform.ActiveCfg = Debug|x64
		{F6799265-85EE-4CA6-BA22-52A1F47C627A}.Debug|Mixed Platform.Build.0 = Debug|x64
		{F6799265-85EE-4CA6-BA22-52A1F47C627A}.Debug|x64.ActiveCfg = Debug|x64
		{F6799265-85EE-4CA6-BA22-52A1F47C627A}.Debug|x64.Build.0 = Debug|x64
		{F6799265-85EE-4CA6-BA22-52A1F47C627A}.Release|Any CPU.ActiveCfg = Release|x64
		{F6799265-85EE-4CA6-BA22-52A1F47C627A}.Release|Mixed Platform.ActiveCfg = Release|x64
		{F6799265-85EE-4CA6-BA22-52A1F47C627A}.Release|Mixed Platform.Build.0 = Release|x64
		{F6799265-85EE-4CA6-BA22-52A1F47C627A}.Release|x64.ActiveCfg = Release|x64
		{F6799265-85EE-4CA6-BA22-52A1F47C627A}.Release|x64.Build.0 = Release|x64
		{1C1A0A79-5DF1-475B-9885-881300404699}.Debug|Any CPU.ActiveCfg = Debug|x64
		{1C1A0A79-5DF1-475B-9885-881300404699}.Debug|Mixed Platform.ActiveCfg = Debug|x64
		{1C1A0A79-5DF1-475B-9885-881300404699}.Debug|Mixed Platform.Build.0 = Debug|x64
		{1C1A0A79-5DF1-475B-9885-881300404699}.Debug|x64.ActiveCfg = Debug|x64
		{1C1A0A79-5DF1-475B-9885-881300404699}.Debug|x64.Build.0 = Debug|x64
		{1C1A0A79-5DF1-475B-9885-881300404699}.Release|Any CPU.ActiveCfg = Release|x64
		{1C1A0A79-5DF1-475B-9885-881300404699}.Release|Mixed Platform.ActiveCfg = Release|x64
		{1C1A0A79-5DF1-475B-9885-881300404699}.Release|Mixed Platform.Build.0 = Release|x64
		{1C1A0A79-5DF1-475B-9885-881300404699}.Release|x64.ActiveCfg = Release|x64
		{1C1A0A79-5DF1-475B-9885-881300404699}.Release|x64.Build.0 = Release|x64
		{60BCF4AF-8C89-4DE3-8F15-5120D90DEDA1}.Debug|Any CPU.ActiveCfg = Debug|x64
		{60BCF4AF-8C89-4DE3-8F15-5120D90DEDA1}.Debug|Mixed Platform.ActiveCfg = Debug|x64
		{60BCF4AF-8C89-4DE3-8F15-5120D90DEDA1}.Debug|Mixed Platform.Build.0 = Debug|x64
		{60BCF4AF-8C89-4DE3-8F15-5120D90DEDA1}.Debug|x64.ActiveCfg = Debug|x64
		{60BCF4AF-8C89-4DE3-8F15-5120D90DEDA1}.Debug|x64.Build.0 = Debug|x64
		{60BCF4AF-8C89-4DE3-8F15-5120D90DEDA1}.Release|Any CPU.ActiveCfg = Release|x64
		{60BCF4AF-8C89-4DE3-8F15-5120D90DEDA1}.Release|Mixed Platform.ActiveCfg = Release|x64
		{60BCF4AF-8C89-4DE3-8F15-5120D90DEDA1}.Release|Mixed Platform.Build.0 = Release|x64
		{60BCF4AF-8C89-4DE3-8F15-5120D90DEDA1}.Release|x64.ActiveCfg = Release|x64
		{60BCF4AF-8C89-4DE3-8F15-5120D90DEDA1}.Release|x64.Build.0 = Release|x64
		{426CB334-B877-4488-9FE0-15C339B56047}.Debug|Any CPU.ActiveCfg = Debug|Any CPU
		{426CB334-B877-4488-9FE0-15C339B56047}.Debug|Any CPU.Build.0 = Debug|Any CPU
		{426CB334-B877-4488-9FE0-15C339B56047}.Debug|Mixed Platform.ActiveCfg = Debug|Any CPU
		{426CB334-B877-4488-9FE0-15C339B56047}.Debug|Mixed Platform.Build.0 = Debug|Any CPU
		{426CB334-B877-4488-9FE0-15C339B56047}.Debug|x64.ActiveCfg = Debug|x64
		{426CB334-B877-4488-9FE0-15C339B56047}.Debug|x64.Build.0 = Debug|x64
		{426CB334-B877-4488-9FE0-15C339B56047}.Release|Any CPU.ActiveCfg = Release|Any CPU
		{426CB334-B877-4488-9FE0-15C339B56047}.Release|Any CPU.Build.0 = Release|Any CPU
		{426CB334-B877-4488-9FE0-15C339B56047}.Release|Mixed Platform.ActiveCfg = Release|Any CPU
		{426CB334-B877-4488-9FE0-15C339B56047}.Release|Mixed Platform.Build.0 = Release|Any CPU
		{426CB334-B877-4488-9FE0-15C339B56047}.Release|x64.ActiveCfg = Release|x64
		{426CB334-B877-4488-9FE0-15C339B56047}.Release|x64.Build.0 = Release|x64
		{744F0262-85AE-4673-8521-BEF7BDED7413}.Debug|Any CPU.ActiveCfg = Debug|Any CPU
		{744F0262-85AE-4673-8521-BEF7BDED7413}.Debug|Any CPU.Build.0 = Debug|Any CPU
		{744F0262-85AE-4673-8521-BEF7BDED7413}.Debug|Mixed Platform.ActiveCfg = Debug|Any CPU
		{744F0262-85AE-4673-8521-BEF7BDED7413}.Debug|Mixed Platform.Build.0 = Debug|Any CPU
		{744F0262-85AE-4673-8521-BEF7BDED7413}.Debug|x64.ActiveCfg = Debug|x64
		{744F0262-85AE-4673-8521-BEF7BDED7413}.Debug|x64.Build.0 = Debug|x64
		{744F0262-85AE-4673-8521-BEF7BDED7413}.Release|Any CPU.ActiveCfg = Release|Any CPU
		{744F0262-85AE-4673-8521-BEF7BDED7413}.Release|Any CPU.Build.0 = Release|Any CPU
		{744F0262-85AE-4673-8521-BEF7BDED7413}.Release|Mixed Platform.ActiveCfg = Release|Any CPU
		{744F0262-85AE-4673-8521-BEF7BDED7413}.Release|Mixed Platform.Build.0 = Release|Any CPU
		{744F0262-85AE-4673-8521-BEF7BDED7413}.Release|x64.ActiveCfg = Release|x64
		{744F0262-85AE-4673-8521-BEF7BDED7413}.Release|x64.Build.0 = Release|x64
	EndGlobalSection
	GlobalSection(SolutionProperties) = preSolution
		HideSolutionNode = FALSE
	EndGlobalSection
	GlobalSection(NestedProjects) = preSolution
		{56941390-D847-4F40-83F4-46EA441DC0E6} = {E0647BC6-0405-403D-954B-37F9F589C52C}
		{CACF21B5-C8BB-43DC-A771-A2DA6FA50985} = {E0647BC6-0405-403D-954B-37F9F589C52C}
		{275D797B-F396-4305-B1FF-694F884C46C7} = {E0647BC6-0405-403D-954B-37F9F589C52C}
		{F6799265-85EE-4CA6-BA22-52A1F47C627A} = {E0647BC6-0405-403D-954B-37F9F589C52C}
		{1C1A0A79-5DF1-475B-9885-881300404699} = {E0647BC6-0405-403D-954B-37F9F589C52C}
		{60BCF4AF-8C89-4DE3-8F15-5120D90DEDA1} = {E0647BC6-0405-403D-954B-37F9F589C52C}
	EndGlobalSection
	GlobalSection(ExtensibilityGlobals) = postSolution
		SolutionGuid = {1A103F22-85CD-42D0-9247-68E7184C8416}
	EndGlobalSection
EndGlobal
